github.com/go-chi/chi/v5 v5.2.0 h1:Aj1EtB0qR2Rdo2dG4O94RIU35w2lvQSj6BRA4+qwFL0=
github.com/go-chi/chi/v5 v5.2.0/go.mod h1:DslCQbL2OYiznFReuXYUmQ2hGd1aDpCnlMNITLSKoi8=
github.com/goccy/go-json v0.10.4 h1:JSwxQzIqKfmFX1swYPpUThQZp/Ka4wzJdK0LWVytLPM=
github.com/goccy/go-json v0.10.4/go.mod h1:oq7eo15ShAhp70Anwd5lgX2pLfOS3QCiwU/PULtXL6M=
github.com/nxtcoder17/ivy v0.0.0-20250108082006-11704c17ef1c h1:GygxS5efTsUvklU6C/4AYZn6SZR5oxoffkw0WnVHENo=
github.com/nxtcoder17/ivy v0.0.0-20250108082006-11704c17ef1c/go.mod h1:n7DrGUwAVxSZz6MESax93jzNh9j4l5lL6xAcDBUIhKM=
github.com/nxtcoder17/ivy v0.0.0-20250108112910-66eed49e1561 h1:sYP4azXkMOR0xnHfMrMXr0lCBVES85wbSKL8IQPGsug=
github.com/nxtcoder17/ivy v0.0.0-20250108112910-66eed49e1561/go.mod h1:n7DrGUwAVxSZz6MESax93jzNh9j4l5lL6xAcDBUIhKM=
github.com/nxtcoder17/ivy v0.0.0-20250108124002-9057d331122e h1:OrUkodZp3z604oDSR11GCZ95eCuLMG9/Z2OfneGm3qU=
github.com/nxtcoder17/ivy v0.0.0-20250108124002-9057d331122e/go.mod h1:n7DrGUwAVxSZz6MESax93jzNh9j4l5lL6xAcDBUIhKM=
github.com/nxtcoder17/ivy v0.0.0-20250109081341-b1c2aa9819af h1:qzA9hlKfLAJFRwcfXlYVyk72LkBxnR+7RdyS1YhGyyk=
github.com/nxtcoder17/ivy v0.0.0-20250109081341-b1c2aa9819af/go.mod h1:n7DrGUwAVxSZz6MESax93jzNh9j4l5lL6xAcDBUIhKM=
github.com/nxtcoder17/ivy v0.0.0-20250109133443-0924a52c122b h1:92x1R7SuytYeT8tLJJI+MjCGYFXaiSzpBgTnke3BE4A=
github.com/nxtcoder17/ivy v0.0.0-20250109133443-0924a52c122b/go.mod h1:n7DrGUwAVxSZz6MESax93jzNh9j4l5lL6xAcDBUIhKM=
github.com/nxtcoder17/ivy v0.0.0-20250109141551-bcd11f9563be h1:k8BBK0q641LUgat/ppWoWbxlAViJGCWQtlYfQnOpTRs=
github.com/nxtcoder17/ivy v0.0.0-20250109141551-bcd11f9563be/go.mod h1:n7DrGUwAVxSZz6MESax93jzNh9j4l5lL6xAcDBUIhKM=
github.com/nxtcoder17/ivy v0.0.0-20250109144724-168d5f8463fd h1:KDN5R3LhR1P0e4J0XpEHL0Z6PuXS6sAwdfCO8hjVO+w=
github.com/nxtcoder17/ivy v0.0.0-20250109144724-168d5f8463fd/go.mod h1:n7DrGUwAVxSZz6MESax93jzNh9j4l5lL6xAcDBUIhKM=
github.com/nxtcoder17/ivy v0.0.0-20250109145118-941bc5dadc53 h1:ieIb3QPs29fYWOcoGcYXKXW+KSU+qxt53mpV3tdsuaM=
github.com/nxtcoder17/ivy v0.0.0-20250109145118-941bc5dadc53/go.mod h1:n7DrGUwAVxSZz6MESax93jzNh9j4l5lL6xAcDBUIhKM=
github.com/nxtcoder17/ivy v0.0.0-20250109151620-af7efe15d1fb h1:AKGCvbVwhKkEE9mUTsXrq3eCHAcvA8DdVT8h2qmTpVw=
github.com/nxtcoder17/ivy v0.0.0-20250109151620-af7efe15d1fb/go.mod h1:n7DrGUwAVxSZz6MESax93jzNh9j4l5lL6xAcDBUIhKM=
github.com/nxtcoder17/ivy v0.0.0-20250110130827-931397c3d6f2 h1:FU8D85PugCGe0qu1jsZ76mlkkMM2kNnl8mJLRN08sz8=
github.com/nxtcoder17/ivy v0.0.0-20250110130827-931397c3d6f2/go.mod h1:n7DrGUwAVxSZz6MESax93jzNh9j4l5lL6xAcDBUIhKM=
